lockfileVersion: '9.0'

settings:
  autoInstallPeers: true
  excludeLinksFromLockfile: false

importers:

  .:
    dependencies:
      '@types/sinon':
        specifier: ^17.0.3
        version: 17.0.3
      commander:
        specifier: ^12.1.0
        version: 12.1.0
      sinon:
        specifier: ^19.0.2
        version: 19.0.2
    devDependencies:
      '@benchristel/taste':
        specifier: ^0.6.0
        version: 0.6.0
      '@types/node':
        specifier: ^22.7.4
        version: 22.7.4
      '@types/semver':
        specifier: ^7.5.8
        version: 7.5.8
      bun:
        specifier: ^1.1.29
        version: 1.1.29

packages:

  '@benchristel/taste@0.6.0':
    resolution: {integrity: sha512-+PNsgwYRKgZQLCUGFCGLRbPTIpJYsyhMr5935ZjEdWlAjm6N0aj0jd80uGqNSgLJOhlmGCQhrZyzhPfXHJTBwg==}

  '@oven/bun-darwin-aarch64@1.1.29':
    resolution: {integrity: sha512-Z8WnrXoAXg6ENU6z+Mil94oipMBMliJIj4XWWqjNC33/ZGPqMdPT5MbFQjbdHjxe5bRBW/aHaMU3G35fGx9Seg==}
    cpu: [arm64]
    os: [darwin]

  '@oven/bun-darwin-x64-baseline@1.1.29':
    resolution: {integrity: sha512-B+zKlJR+3ANPDU+vNjvXaqgB63hYcCk16/k45hiInvIsDXfSdDn4+LMHwZTFdfUWTCGbNMFg9u4bZCtK0nhMDw==}
    cpu: [x64]
    os: [darwin]

  '@oven/bun-darwin-x64@1.1.29':
    resolution: {integrity: sha512-tDHDR+OWLCKEP0xE8IGCWRxSsxO5tr3rvyrSzy6CXYkoWPz66kODbtbGfWl8HSwunrQxJKnE2L9LWX2Eiz3Cpw==}
    cpu: [x64]
    os: [darwin]

  '@oven/bun-linux-aarch64@1.1.29':
    resolution: {integrity: sha512-BuV2Gni+FaMo1r7+3vLjefQYtQcWE01zJJ4zCjyzikP1L4r6PUaLeJyKXbqF6sIR0cLjG6LWj66EGskakDyvWA==}
    cpu: [arm64]
    os: [linux]

  '@oven/bun-linux-x64-baseline@1.1.29':
    resolution: {integrity: sha512-tQhm1SDyymBvc2L3zIN7FI+sI3g9gxavDYuvL/Lz17nEk1oqP5DFE2lF9QWJMDdQL3XQKH/drI27yNpfPHgAPw==}
    cpu: [x64]
    os: [linux]

  '@oven/bun-linux-x64@1.1.29':
    resolution: {integrity: sha512-JVLiTafybuOFIeC80mZEzHdkOCCzlOtOV5zCbvYAIb7D3SM64fNBwrR0dvDkJTQtsjbwt8YeVFN2YRSI/wlFkw==}
    cpu: [x64]
    os: [linux]

  '@oven/bun-windows-x64-baseline@1.1.29':
    resolution: {integrity: sha512-+QWT8Kp+3Sl54QUa6uBsDzQlX11thMMVAw+yUwSRU4Y5FVSN8RPuxhN8ijJ1QGm1KOYA2sCI6V+3lyNMNmRvAA==}
    cpu: [x64]
    os: [win32]

  '@oven/bun-windows-x64@1.1.29':
    resolution: {integrity: sha512-d930+pSkNVHPJJBryIh1gsAKk7lp1HzcktFe0bfxwmpHwjj4BiVfMjU1YaCnsdWKNs2Nv1Y1PLVDNyUCQVfo0Q==}
    cpu: [x64]
    os: [win32]

  '@sinonjs/commons@3.0.1':
    resolution: {integrity: sha512-K3mCHKQ9sVh8o1C9cxkwxaOmXoAMlDxC1mYyHrjqOWEcBjYr76t96zL2zlj5dUGZ3HSw240X1qgH3Mjf1yJWpQ==}

  '@sinonjs/fake-timers@13.0.2':
    resolution: {integrity: sha512-4Bb+oqXZTSTZ1q27Izly9lv8B9dlV61CROxPiVtywwzv5SnytJqhvYe6FclHYuXml4cd1VHPo1zd5PmTeJozvA==}

  '@sinonjs/samsam@8.0.2':
    resolution: {integrity: sha512-v46t/fwnhejRSFTGqbpn9u+LQ9xJDse10gNnPgAcxgdoCDMXj/G2asWAC/8Qs+BAZDicX+MNZouXT1A7c83kVw==}

  '@sinonjs/text-encoding@0.7.3':
    resolution: {integrity: sha512-DE427ROAphMQzU4ENbliGYrBSYPXF+TtLg9S8vzeA+OF4ZKzoDdzfL8sxuMUGS/lgRhM6j1URSk9ghf7Xo1tyA==}

  '@types/node@22.7.4':
    resolution: {integrity: sha512-y+NPi1rFzDs1NdQHHToqeiX2TIS79SWEAw9GYhkkx8bD0ChpfqC+n2j5OXOCpzfojBEBt6DnEnnG9MY0zk1XLg==}

  '@types/semver@7.5.8':
    resolution: {integrity: sha512-I8EUhyrgfLrcTkzV3TSsGyl1tSuPrEDzr0yd5m90UgNxQkyDXULk3b6MlQqTCpZpNtWe1K0hzclnZkTcLBe2UQ==}

  '@types/sinon@17.0.3':
    resolution: {integrity: sha512-j3uovdn8ewky9kRBG19bOwaZbexJu/XjtkHyjvUgt4xfPFz18dcORIMqnYh66Fx3Powhcr85NT5+er3+oViapw==}

  '@types/sinonjs__fake-timers@8.1.5':
    resolution: {integrity: sha512-mQkU2jY8jJEF7YHjHvsQO8+3ughTL1mcnn96igfhONmR+fUPSKIkefQYpSe8bsly2Ep7oQbn/6VG5/9/0qcArQ==}

  bun@1.1.29:
    resolution: {integrity: sha512-SKhpyKNZtgxrVel9ec9xon3LDv8mgpiuFhARgcJo1YIbggY2PBrKHRNiwQ6Qlb+x3ivmRurfuwWgwGexjpgBRg==}
    cpu: [arm64, x64]
    os: [darwin, linux, win32]
    hasBin: true

  commander@12.1.0:
    resolution: {integrity: sha512-Vw8qHK3bZM9y/P10u3Vib8o/DdkvA2OtPtZvD871QKjy74Wj1WSKFILMPRPSdUSx5RFK1arlJzEtA4PkFgnbuA==}
    engines: {node: '>=18'}

  diff@7.0.0:
    resolution: {integrity: sha512-PJWHUb1RFevKCwaFA9RlG5tCd+FO5iRh9A8HEtkmBH2Li03iJriB6m6JIN4rGz3K3JLawI7/veA1xzRKP6ISBw==}
    engines: {node: '>=0.3.1'}

  has-flag@4.0.0:
    resolution: {integrity: sha512-EykJT/Q1KjTWctppgIAgfSO0tKVuZUjhgMr17kqTumMl6Afv3EISleU7qZUzoXDFTAHTDC4NOoG/ZxU3EvlMPQ==}
    engines: {node: '>=8'}

  just-extend@6.2.0:
    resolution: {integrity: sha512-cYofQu2Xpom82S6qD778jBDpwvvy39s1l/hrYij2u9AMdQcGRpaBu6kY4mVhuno5kJVi1DAz4aiphA2WI1/OAw==}

  lodash.get@4.4.2:
    resolution: {integrity: sha512-z+Uw/vLuy6gQe8cfaFWD7p0wVv8fJl3mbzXh33RS+0oW2wvUqiRXiQ69gLWSLpgB5/6sU+r6BlQR0MBILadqTQ==}

  nise@6.1.1:
    resolution: {integrity: sha512-aMSAzLVY7LyeM60gvBS423nBmIPP+Wy7St7hsb+8/fc1HmeoHJfLO8CKse4u3BtOZvQLJghYPI2i/1WZrEj5/g==}

  path-to-regexp@8.2.0:
    resolution: {integrity: sha512-TdrF7fW9Rphjq4RjrW0Kp2AW0Ahwu9sRGTkS6bvDi0SCwZlEZYmcfDbEsTz8RVk0EHIS/Vd1bv3JhG+1xZuAyQ==}
    engines: {node: '>=16'}

  sinon@19.0.2:
    resolution: {integrity: sha512-euuToqM+PjO4UgXeLETsfQiuoyPXlqFezr6YZDFwHR3t4qaX0fZUe1MfPMznTL5f8BWrVS89KduLdMUsxFCO6g==}

  supports-color@7.2.0:
    resolution: {integrity: sha512-qpCAvRl9stuOHveKsn7HncJRvv501qIacKzQlO/+Lwxc9+0q2wLyv4Dfvt80/DPn2pqOBsJdDiogXGR9+OvwRw==}
    engines: {node: '>=8'}

  type-detect@4.0.8:
    resolution: {integrity: sha512-0fr/mIH1dlO+x7TlcMy+bIDqKPsw/70tVyeHW787goQjhmqaZe10uwLujubK9q9Lg6Fiho1KUKDYz0Z7k7g5/g==}
    engines: {node: '>=4'}

  type-detect@4.1.0:
    resolution: {integrity: sha512-Acylog8/luQ8L7il+geoSxhEkazvkslg7PSNKOX59mbB9cOveP5aq9h74Y7YU8yDpJwetzQQrfIwtf4Wp4LKcw==}
    engines: {node: '>=4'}

  undici-types@6.19.8:
    resolution: {integrity: sha512-ve2KP6f/JnbPBFyobGHuerC9g1FYGn/F8n1LWTwNxCEzd6IfqTwUQcNXgEtmmQ6DlRrC1hrSrBnCZPokRrDHjw==}

snapshots:

  '@benchristel/taste@0.6.0': {}

  '@oven/bun-darwin-aarch64@1.1.29':
    optional: true

  '@oven/bun-darwin-x64-baseline@1.1.29':
    optional: true

  '@oven/bun-darwin-x64@1.1.29':
    optional: true

  '@oven/bun-linux-aarch64@1.1.29':
    optional: true

  '@oven/bun-linux-x64-baseline@1.1.29':
    optional: true

  '@oven/bun-linux-x64@1.1.29':
    optional: true

  '@oven/bun-windows-x64-baseline@1.1.29':
    optional: true

  '@oven/bun-windows-x64@1.1.29':
    optional: true

  '@sinonjs/commons@3.0.1':
    dependencies:
      type-detect: 4.0.8

  '@sinonjs/fake-timers@13.0.2':
    dependencies:
      '@sinonjs/commons': 3.0.1

  '@sinonjs/samsam@8.0.2':
    dependencies:
      '@sinonjs/commons': 3.0.1
      lodash.get: 4.4.2
      type-detect: 4.1.0

  '@sinonjs/text-encoding@0.7.3': {}

  '@types/node@22.7.4':
    dependencies:
      undici-types: 6.19.8

  '@types/semver@7.5.8': {}

  '@types/sinon@17.0.3':
    dependencies:
      '@types/sinonjs__fake-timers': 8.1.5

  '@types/sinonjs__fake-timers@8.1.5': {}

  bun@1.1.29:
    optionalDependencies:
      '@oven/bun-darwin-aarch64': 1.1.29
      '@oven/bun-darwin-x64': 1.1.29
      '@oven/bun-darwin-x64-baseline': 1.1.29
      '@oven/bun-linux-aarch64': 1.1.29
      '@oven/bun-linux-x64': 1.1.29
      '@oven/bun-linux-x64-baseline': 1.1.29
      '@oven/bun-windows-x64': 1.1.29
      '@oven/bun-windows-x64-baseline': 1.1.29

  commander@12.1.0: {}

  diff@7.0.0: {}

  has-flag@4.0.0: {}

  just-extend@6.2.0: {}

  lodash.get@4.4.2: {}

  nise@6.1.1:
    dependencies:
      '@sinonjs/commons': 3.0.1
      '@sinonjs/fake-timers': 13.0.2
      '@sinonjs/text-encoding': 0.7.3
      just-extend: 6.2.0
      path-to-regexp: 8.2.0

  path-to-regexp@8.2.0: {}

  sinon@19.0.2:
    dependencies:
      '@sinonjs/commons': 3.0.1
      '@sinonjs/fake-timers': 13.0.2
      '@sinonjs/samsam': 8.0.2
      diff: 7.0.0
      nise: 6.1.1
      supports-color: 7.2.0

  supports-color@7.2.0:
    dependencies:
      has-flag: 4.0.0

  type-detect@4.0.8: {}

  type-detect@4.1.0: {}

  undici-types@6.19.8: {}
